// !$*UTF8*$!
{
	archiveVersion = 1;
	classes = {
	};
	objectVersion = 56;
	objects = {

/* Begin PBXBuildFile section */
		FA566A802B4C041000A1C034 /* AppDelegate.swift in Sources */ = {isa = PBXBuildFile; fileRef = FA566A7F2B4C041000A1C034 /* AppDelegate.swift */; };
		FA566A822B4C041000A1C034 /* SceneDelegate.swift in Sources */ = {isa = PBXBuildFile; fileRef = FA566A812B4C041000A1C034 /* SceneDelegate.swift */; };
		FA566A872B4C041000A1C034 /* Main.storyboard in Resources */ = {isa = PBXBuildFile; fileRef = FA566A852B4C041000A1C034 /* Main.storyboard */; };
		FA566A892B4C041100A1C034 /* Assets.xcassets in Resources */ = {isa = PBXBuildFile; fileRef = FA566A882B4C041100A1C034 /* Assets.xcassets */; };
		FA566A8C2B4C041100A1C034 /* LaunchScreen.storyboard in Resources */ = {isa = PBXBuildFile; fileRef = FA566A8A2B4C041100A1C034 /* LaunchScreen.storyboard */; };
		FA566A942B4C071B00A1C034 /* ShoppingListTableViewCell.swift in Sources */ = {isa = PBXBuildFile; fileRef = FA566A932B4C071B00A1C034 /* ShoppingListTableViewCell.swift */; };
		FA566A982B4C073D00A1C034 /* ShoppingListTableViewController.swift in Sources */ = {isa = PBXBuildFile; fileRef = FA566A972B4C073D00A1C034 /* ShoppingListTableViewController.swift */; };
		FA566A9A2B4C0CC700A1C034 /* ShoppingItem.swift in Sources */ = {isa = PBXBuildFile; fileRef = FA566A992B4C0CC700A1C034 /* ShoppingItem.swift */; };
		FA566A9D2B4C26C300A1C034 /* Kingfisher in Frameworks */ = {isa = PBXBuildFile; productRef = FA566A9C2B4C26C300A1C034 /* Kingfisher */; };
		FA566A9F2B4C27AF00A1C034 /* MagazineInfo.swift in Sources */ = {isa = PBXBuildFile; fileRef = FA566A9E2B4C27AF00A1C034 /* MagazineInfo.swift */; };
		FA566AA12B4C282000A1C034 /* Magazine.swift in Sources */ = {isa = PBXBuildFile; fileRef = FA566AA02B4C282000A1C034 /* Magazine.swift */; };
		FA566AA32B4C2DF800A1C034 /* TravelTableViewController.swift in Sources */ = {isa = PBXBuildFile; fileRef = FA566AA22B4C2DF800A1C034 /* TravelTableViewController.swift */; };
		FA566AA52B4C2E0900A1C034 /* TravelTableViewCell.swift in Sources */ = {isa = PBXBuildFile; fileRef = FA566AA42B4C2E0900A1C034 /* TravelTableViewCell.swift */; };
		FA7AAE422B554D8C00070E5F /* MagazineWebViewController.swift in Sources */ = {isa = PBXBuildFile; fileRef = FA7AAE412B554D8C00070E5F /* MagazineWebViewController.swift */; };
		FA7AAE462B554E0C00070E5F /* Protocol.swift in Sources */ = {isa = PBXBuildFile; fileRef = FA7AAE452B554E0C00070E5F /* Protocol.swift */; };
		FA7AAE482B554E3000070E5F /* UIViewControllerExtension.swift in Sources */ = {isa = PBXBuildFile; fileRef = FA7AAE472B554E3000070E5F /* UIViewControllerExtension.swift */; };
/* End PBXBuildFile section */

/* Begin PBXFileReference section */
		FA566A7C2B4C041000A1C034 /* SeSAC4ShoppingListAndMagazine.app */ = {isa = PBXFileReference; explicitFileType = wrapper.application; includeInIndex = 0; path = SeSAC4ShoppingListAndMagazine.app; sourceTree = BUILT_PRODUCTS_DIR; };
		FA566A7F2B4C041000A1C034 /* AppDelegate.swift */ = {isa = PBXFileReference; lastKnownFileType = sourcecode.swift; path = AppDelegate.swift; sourceTree = "<group>"; };
		FA566A812B4C041000A1C034 /* SceneDelegate.swift */ = {isa = PBXFileReference; lastKnownFileType = sourcecode.swift; path = SceneDelegate.swift; sourceTree = "<group>"; };
		FA566A862B4C041000A1C034 /* Base */ = {isa = PBXFileReference; lastKnownFileType = file.storyboard; name = Base; path = Base.lproj/Main.storyboard; sourceTree = "<group>"; };
		FA566A882B4C041100A1C034 /* Assets.xcassets */ = {isa = PBXFileReference; lastKnownFileType = folder.assetcatalog; path = Assets.xcassets; sourceTree = "<group>"; };
		FA566A8B2B4C041100A1C034 /* Base */ = {isa = PBXFileReference; lastKnownFileType = file.storyboard; name = Base; path = Base.lproj/LaunchScreen.storyboard; sourceTree = "<group>"; };
		FA566A8D2B4C041100A1C034 /* Info.plist */ = {isa = PBXFileReference; lastKnownFileType = text.plist.xml; path = Info.plist; sourceTree = "<group>"; };
		FA566A932B4C071B00A1C034 /* ShoppingListTableViewCell.swift */ = {isa = PBXFileReference; lastKnownFileType = sourcecode.swift; path = ShoppingListTableViewCell.swift; sourceTree = "<group>"; };
		FA566A972B4C073D00A1C034 /* ShoppingListTableViewController.swift */ = {isa = PBXFileReference; lastKnownFileType = sourcecode.swift; path = ShoppingListTableViewController.swift; sourceTree = "<group>"; };
		FA566A992B4C0CC700A1C034 /* ShoppingItem.swift */ = {isa = PBXFileReference; lastKnownFileType = sourcecode.swift; path = ShoppingItem.swift; sourceTree = "<group>"; };
		FA566A9E2B4C27AF00A1C034 /* MagazineInfo.swift */ = {isa = PBXFileReference; lastKnownFileType = sourcecode.swift; path = MagazineInfo.swift; sourceTree = "<group>"; };
		FA566AA02B4C282000A1C034 /* Magazine.swift */ = {isa = PBXFileReference; lastKnownFileType = sourcecode.swift; path = Magazine.swift; sourceTree = "<group>"; };
		FA566AA22B4C2DF800A1C034 /* TravelTableViewController.swift */ = {isa = PBXFileReference; lastKnownFileType = sourcecode.swift; path = TravelTableViewController.swift; sourceTree = "<group>"; };
		FA566AA42B4C2E0900A1C034 /* TravelTableViewCell.swift */ = {isa = PBXFileReference; lastKnownFileType = sourcecode.swift; path = TravelTableViewCell.swift; sourceTree = "<group>"; };
		FA7AAE412B554D8C00070E5F /* MagazineWebViewController.swift */ = {isa = PBXFileReference; lastKnownFileType = sourcecode.swift; path = MagazineWebViewController.swift; sourceTree = "<group>"; };
		FA7AAE452B554E0C00070E5F /* Protocol.swift */ = {isa = PBXFileReference; lastKnownFileType = sourcecode.swift; path = Protocol.swift; sourceTree = "<group>"; };
		FA7AAE472B554E3000070E5F /* UIViewControllerExtension.swift */ = {isa = PBXFileReference; lastKnownFileType = sourcecode.swift; path = UIViewControllerExtension.swift; sourceTree = "<group>"; };
/* End PBXFileReference section */

/* Begin PBXFrameworksBuildPhase section */
		FA566A792B4C041000A1C034 /* Frameworks */ = {
			isa = PBXFrameworksBuildPhase;
			buildActionMask = 2147483647;
			files = (
				FA566A9D2B4C26C300A1C034 /* Kingfisher in Frameworks */,
			);
			runOnlyForDeploymentPostprocessing = 0;
		};
/* End PBXFrameworksBuildPhase section */

/* Begin PBXGroup section */
		FA566A732B4C041000A1C034 = {
			isa = PBXGroup;
			children = (
				FA566A7E2B4C041000A1C034 /* SeSAC4ShoppingListAndMagazine */,
				FA566A7D2B4C041000A1C034 /* Products */,
			);
			sourceTree = "<group>";
		};
		FA566A7D2B4C041000A1C034 /* Products */ = {
			isa = PBXGroup;
			children = (
				FA566A7C2B4C041000A1C034 /* SeSAC4ShoppingListAndMagazine.app */,
			);
			name = Products;
			sourceTree = "<group>";
		};
		FA566A7E2B4C041000A1C034 /* SeSAC4ShoppingListAndMagazine */ = {
			isa = PBXGroup;
			children = (
				FA7AAE442B554E0100070E5F /* Protocol */,
				FA7AAE432B554DD300070E5F /* Extension */,
				FA566A962B4C072500A1C034 /* Controller */,
				FA566A952B4C071E00A1C034 /* Model */,
				FA566A7F2B4C041000A1C034 /* AppDelegate.swift */,
				FA566A812B4C041000A1C034 /* SceneDelegate.swift */,
				FA566A852B4C041000A1C034 /* Main.storyboard */,
				FA566A882B4C041100A1C034 /* Assets.xcassets */,
				FA566A8A2B4C041100A1C034 /* LaunchScreen.storyboard */,
				FA566A8D2B4C041100A1C034 /* Info.plist */,
			);
			path = SeSAC4ShoppingListAndMagazine;
			sourceTree = "<group>";
		};
		FA566A952B4C071E00A1C034 /* Model */ = {
			isa = PBXGroup;
			children = (
				FA566A932B4C071B00A1C034 /* ShoppingListTableViewCell.swift */,
				FA566A992B4C0CC700A1C034 /* ShoppingItem.swift */,
				FA566A9E2B4C27AF00A1C034 /* MagazineInfo.swift */,
				FA566AA02B4C282000A1C034 /* Magazine.swift */,
				FA566AA42B4C2E0900A1C034 /* TravelTableViewCell.swift */,
			);
			path = Model;
			sourceTree = "<group>";
		};
		FA566A962B4C072500A1C034 /* Controller */ = {
			isa = PBXGroup;
			children = (
				FA566A972B4C073D00A1C034 /* ShoppingListTableViewController.swift */,
				FA566AA22B4C2DF800A1C034 /* TravelTableViewController.swift */,
				FA7AAE412B554D8C00070E5F /* MagazineWebViewController.swift */,
			);
			path = Controller;
			sourceTree = "<group>";
		};
		FA7AAE432B554DD300070E5F /* Extension */ = {
			isa = PBXGroup;
			children = (
				FA7AAE472B554E3000070E5F /* UIViewControllerExtension.swift */,
			);
			path = Extension;
			sourceTree = "<group>";
		};
		FA7AAE442B554E0100070E5F /* Protocol */ = {
			isa = PBXGroup;
			children = (
				FA7AAE452B554E0C00070E5F /* Protocol.swift */,
			);
			path = Protocol;
			sourceTree = "<group>";
		};
/* End PBXGroup section */

/* Begin PBXNativeTarget section */
		FA566A7B2B4C041000A1C034 /* SeSAC4ShoppingListAndMagazine */ = {
			isa = PBXNativeTarget;
			buildConfigurationList = FA566A902B4C041100A1C034 /* Build configuration list for PBXNativeTarget "SeSAC4ShoppingListAndMagazine" */;
			buildPhases = (
				FA566A782B4C041000A1C034 /* Sources */,
				FA566A792B4C041000A1C034 /* Frameworks */,
				FA566A7A2B4C041000A1C034 /* Resources */,
			);
			buildRules = (
			);
			dependencies = (
			);
			name = SeSAC4ShoppingListAndMagazine;
			packageProductDependencies = (
				FA566A9C2B4C26C300A1C034 /* Kingfisher */,
			);
			productName = SeSAC4ShoppingListAndMagazine;
			productReference = FA566A7C2B4C041000A1C034 /* SeSAC4ShoppingListAndMagazine.app */;
			productType = "com.apple.product-type.application";
		};
/* End PBXNativeTarget section */

/* Begin PBXProject section */
		FA566A742B4C041000A1C034 /* Project object */ = {
			isa = PBXProject;
			attributes = {
				BuildIndependentTargetsInParallel = 1;
				LastSwiftUpdateCheck = 1510;
				LastUpgradeCheck = 1510;
				TargetAttributes = {
					FA566A7B2B4C041000A1C034 = {
						CreatedOnToolsVersion = 15.1;
					};
				};
			};
			buildConfigurationList = FA566A772B4C041000A1C034 /* Build configuration list for PBXProject "SeSAC4ShoppingListAndMagazine" */;
			compatibilityVersion = "Xcode 14.0";
			developmentRegion = en;
			hasScannedForEncodings = 0;
			knownRegions = (
				en,
				Base,
			);
			mainGroup = FA566A732B4C041000A1C034;
			packageReferences = (
				FA566A9B2B4C26C300A1C034 /* XCRemoteSwiftPackageReference "Kingfisher" */,
			);
			productRefGroup = FA566A7D2B4C041000A1C034 /* Products */;
			projectDirPath = "";
			projectRoot = "";
			targets = (
				FA566A7B2B4C041000A1C034 /* SeSAC4ShoppingListAndMagazine */,
			);
		};
/* End PBXProject section */

/* Begin PBXResourcesBuildPhase section */
		FA566A7A2B4C041000A1C034 /* Resources */ = {
			isa = PBXResourcesBuildPhase;
			buildActionMask = 2147483647;
			files = (
				FA566A8C2B4C041100A1C034 /* LaunchScreen.storyboard in Resources */,
				FA566A892B4C041100A1C034 /* Assets.xcassets in Resources */,
				FA566A872B4C041000A1C034 /* Main.storyboard in Resources */,
			);
			runOnlyForDeploymentPostprocessing = 0;
		};
/* End PBXResourcesBuildPhase section */

/* Begin PBXSourcesBuildPhase section */
		FA566A782B4C041000A1C034 /* Sources */ = {
			isa = PBXSourcesBuildPhase;
			buildActionMask = 2147483647;
			files = (
				FA566A9A2B4C0CC700A1C034 /* ShoppingItem.swift in Sources */,
				FA566AA32B4C2DF800A1C034 /* TravelTableViewController.swift in Sources */,
				FA566A982B4C073D00A1C034 /* ShoppingListTableViewController.swift in Sources */,
				FA7AAE422B554D8C00070E5F /* MagazineWebViewController.swift in Sources */,
				FA566AA52B4C2E0900A1C034 /* TravelTableViewCell.swift in Sources */,
				FA566A942B4C071B00A1C034 /* ShoppingListTableViewCell.swift in Sources */,
				FA7AAE462B554E0C00070E5F /* Protocol.swift in Sources */,
				FA566A9F2B4C27AF00A1C034 /* MagazineInfo.swift in Sources */,
				FA7AAE482B554E3000070E5F /* UIViewControllerExtension.swift in Sources */,
				FA566AA12B4C282000A1C034 /* Magazine.swift in Sources */,
				FA566A802B4C041000A1C034 /* AppDelegate.swift in Sources */,
				FA566A822B4C041000A1C034 /* SceneDelegate.swift in Sources */,
			);
			runOnlyForDeploymentPostprocessing = 0;
		};
/* End PBXSourcesBuildPhase section */

/* Begin PBXVariantGroup section */
		FA566A852B4C041000A1C034 /* Main.storyboard */ = {
			isa = PBXVariantGroup;
			children = (
				FA566A862B4C041000A1C034 /* Base */,
			);
			name = Main.storyboard;
			sourceTree = "<group>";
		};
		FA566A8A2B4C041100A1C034 /* LaunchScreen.storyboard */ = {
			isa = PBXVariantGroup;
			children = (
				FA566A8B2B4C041100A1C034 /* Base */,
			);
			name = LaunchScreen.storyboard;
			sourceTree = "<group>";
		};
/* End PBXVariantGroup section */

/* Begin XCBuildConfiguration section */
		FA566A8E2B4C041100A1C034 /* Debug */ = {
			isa = XCBuildConfiguration;
			buildSettings = {
				ALWAYS_SEARCH_USER_PATHS = NO;
				ASSETCATALOG_COMPILER_GENERATE_SWIFT_ASSET_SYMBOL_EXTENSIONS = YES;
				CLANG_ANALYZER_NONNULL = YES;
				CLANG_ANALYZER_NUMBER_OBJECT_CONVERSION = YES_AGGRESSIVE;
				CLANG_CXX_LANGUAGE_STANDARD = "gnu++20";
				CLANG_ENABLE_MODULES = YES;
				CLANG_ENABLE_OBJC_ARC = YES;
				CLANG_ENABLE_OBJC_WEAK = YES;
				CLANG_WARN_BLOCK_CAPTURE_AUTORELEASING = YES;
				CLANG_WARN_BOOL_CONVERSION = YES;
				CLANG_WARN_COMMA = YES;
				CLANG_WARN_CONSTANT_CONVERSION = YES;
				CLANG_WARN_DEPRECATED_OBJC_IMPLEMENTATIONS = YES;
				CLANG_WARN_DIRECT_OBJC_ISA_USAGE = YES_ERROR;
				CLANG_WARN_DOCUMENTATION_COMMENTS = YES;
				CLANG_WARN_EMPTY_BODY = YES;
				CLANG_WARN_ENUM_CONVERSION = YES;
				CLANG_WARN_INFINITE_RECURSION = YES;
				CLANG_WARN_INT_CONVERSION = YES;
				CLANG_WARN_NON_LITERAL_NULL_CONVERSION = YES;
				CLANG_WARN_OBJC_IMPLICIT_RETAIN_SELF = YES;
				CLANG_WARN_OBJC_LITERAL_CONVERSION = YES;
				CLANG_WARN_OBJC_ROOT_CLASS = YES_ERROR;
				CLANG_WARN_QUOTED_INCLUDE_IN_FRAMEWORK_HEADER = YES;
				CLANG_WARN_RANGE_LOOP_ANALYSIS = YES;
				CLANG_WARN_STRICT_PROTOTYPES = YES;
				CLANG_WARN_SUSPICIOUS_MOVE = YES;
				CLANG_WARN_UNGUARDED_AVAILABILITY = YES_AGGRESSIVE;
				CLANG_WARN_UNREACHABLE_CODE = YES;
				CLANG_WARN__DUPLICATE_METHOD_MATCH = YES;
				COPY_PHASE_STRIP = NO;
				DEBUG_INFORMATION_FORMAT = dwarf;
				ENABLE_STRICT_OBJC_MSGSEND = YES;
				ENABLE_TESTABILITY = YES;
				ENABLE_USER_SCRIPT_SANDBOXING = YES;
				GCC_C_LANGUAGE_STANDARD = gnu17;
				GCC_DYNAMIC_NO_PIC = NO;
				GCC_NO_COMMON_BLOCKS = YES;
				GCC_OPTIMIZATION_LEVEL = 0;
				GCC_PREPROCESSOR_DEFINITIONS = (
					"DEBUG=1",
					"$(inherited)",
				);
				GCC_WARN_64_TO_32_BIT_CONVERSION = YES;
				GCC_WARN_ABOUT_RETURN_TYPE = YES_ERROR;
				GCC_WARN_UNDECLARED_SELECTOR = YES;
				GCC_WARN_UNINITIALIZED_AUTOS = YES_AGGRESSIVE;
				GCC_WARN_UNUSED_FUNCTION = YES;
				GCC_WARN_UNUSED_VARIABLE = YES;
				IPHONEOS_DEPLOYMENT_TARGET = 17.2;
				LOCALIZATION_PREFERS_STRING_CATALOGS = YES;
				MTL_ENABLE_DEBUG_INFO = INCLUDE_SOURCE;
				MTL_FAST_MATH = YES;
				ONLY_ACTIVE_ARCH = YES;
				SDKROOT = iphoneos;
				SWIFT_ACTIVE_COMPILATION_CONDITIONS = "DEBUG $(inherited)";
				SWIFT_OPTIMIZATION_LEVEL = "-Onone";
			};
			name = Debug;
		};
		FA566A8F2B4C041100A1C034 /* Release */ = {
			isa = XCBuildConfiguration;
			buildSettings = {
				ALWAYS_SEARCH_USER_PATHS = NO;
				ASSETCATALOG_COMPILER_GENERATE_SWIFT_ASSET_SYMBOL_EXTENSIONS = YES;
				CLANG_ANALYZER_NONNULL = YES;
				CLANG_ANALYZER_NUMBER_OBJECT_CONVERSION = YES_AGGRESSIVE;
				CLANG_CXX_LANGUAGE_STANDARD = "gnu++20";
				CLANG_ENABLE_MODULES = YES;
				CLANG_ENABLE_OBJC_ARC = YES;
				CLANG_ENABLE_OBJC_WEAK = YES;
				CLANG_WARN_BLOCK_CAPTURE_AUTORELEASING = YES;
				CLANG_WARN_BOOL_CONVERSION = YES;
				CLANG_WARN_COMMA = YES;
				CLANG_WARN_CONSTANT_CONVERSION = YES;
				CLANG_WARN_DEPRECATED_OBJC_IMPLEMENTATIONS = YES;
				CLANG_WARN_DIRECT_OBJC_ISA_USAGE = YES_ERROR;
				CLANG_WARN_DOCUMENTATION_COMMENTS = YES;
				CLANG_WARN_EMPTY_BODY = YES;
				CLANG_WARN_ENUM_CONVERSION = YES;
				CLANG_WARN_INFINITE_RECURSION = YES;
				CLANG_WARN_INT_CONVERSION = YES;
				CLANG_WARN_NON_LITERAL_NULL_CONVERSION = YES;
				CLANG_WARN_OBJC_IMPLICIT_RETAIN_SELF = YES;
				CLANG_WARN_OBJC_LITERAL_CONVERSION = YES;
				CLANG_WARN_OBJC_ROOT_CLASS = YES_ERROR;
				CLANG_WARN_QUOTED_INCLUDE_IN_FRAMEWORK_HEADER = YES;
				CLANG_WARN_RANGE_LOOP_ANALYSIS = YES;
				CLANG_WARN_STRICT_PROTOTYPES = YES;
				CLANG_WARN_SUSPICIOUS_MOVE = YES;
				CLANG_WARN_UNGUARDED_AVAILABILITY = YES_AGGRESSIVE;
				CLANG_WARN_UNREACHABLE_CODE = YES;
				CLANG_WARN__DUPLICATE_METHOD_MATCH = YES;
				COPY_PHASE_STRIP = NO;
				DEBUG_INFORMATION_FORMAT = "dwarf-with-dsym";
				ENABLE_NS_ASSERTIONS = NO;
				ENABLE_STRICT_OBJC_MSGSEND = YES;
				ENABLE_USER_SCRIPT_SANDBOXING = YES;
				GCC_C_LANGUAGE_STANDARD = gnu17;
				GCC_NO_COMMON_BLOCKS = YES;
				GCC_WARN_64_TO_32_BIT_CONVERSION = YES;
				GCC_WARN_ABOUT_RETURN_TYPE = YES_ERROR;
				GCC_WARN_UNDECLARED_SELECTOR = YES;
				GCC_WARN_UNINITIALIZED_AUTOS = YES_AGGRESSIVE;
				GCC_WARN_UNUSED_FUNCTION = YES;
				GCC_WARN_UNUSED_VARIABLE = YES;
				IPHONEOS_DEPLOYMENT_TARGET = 17.2;
				LOCALIZATION_PREFERS_STRING_CATALOGS = YES;
				MTL_ENABLE_DEBUG_INFO = NO;
				MTL_FAST_MATH = YES;
				SDKROOT = iphoneos;
				SWIFT_COMPILATION_MODE = wholemodule;
				VALIDATE_PRODUCT = YES;
			};
			name = Release;
		};
		FA566A912B4C041100A1C034 /* Debug */ = {
			isa = XCBuildConfiguration;
			buildSettings = {
				ASSETCATALOG_COMPILER_APPICON_NAME = AppIcon;
				ASSETCATALOG_COMPILER_GLOBAL_ACCENT_COLOR_NAME = AccentColor;
				CODE_SIGN_STYLE = Automatic;
				CURRENT_PROJECT_VERSION = 1;
				DEVELOPMENT_TEAM = JJS82CC46U;
				GENERATE_INFOPLIST_FILE = YES;
				INFOPLIST_FILE = SeSAC4ShoppingListAndMagazine/Info.plist;
				INFOPLIST_KEY_UIApplicationSupportsIndirectInputEvents = YES;
				INFOPLIST_KEY_UILaunchStoryboardName = LaunchScreen;
				INFOPLIST_KEY_UIMainStoryboardFile = Main;
				INFOPLIST_KEY_UISupportedInterfaceOrientations = UIInterfaceOrientationPortrait;
				INFOPLIST_KEY_UISupportedInterfaceOrientations_iPad = "UIInterfaceOrientationLandscapeLeft UIInterfaceOrientationLandscapeRight UIInterfaceOrientationPortrait UIInterfaceOrientationPortraitUpsideDown";
				LD_RUNPATH_SEARCH_PATHS = (
					"$(inherited)",
					"@executable_path/Frameworks",
				);
				MARKETING_VERSION = 1.0;
				PRODUCT_BUNDLE_IDENTIFIER = com.misung.SeSAC4ShoppingListAndMagazine;
				PRODUCT_NAME = "$(TARGET_NAME)";
				SUPPORTED_PLATFORMS = "iphoneos iphonesimulator";
				SUPPORTS_MACCATALYST = NO;
				SUPPORTS_MAC_DESIGNED_FOR_IPHONE_IPAD = NO;
				SWIFT_EMIT_LOC_STRINGS = YES;
				SWIFT_VERSION = 5.0;
				TARGETED_DEVICE_FAMILY = 1;
			};
			name = Debug;
		};
		FA566A922B4C041100A1C034 /* Release */ = {
			isa = XCBuildConfiguration;
			buildSettings = {
				ASSETCATALOG_COMPILER_APPICON_NAME = AppIcon;
				ASSETCATALOG_COMPILER_GLOBAL_ACCENT_COLOR_NAME = AccentColor;
				CODE_SIGN_STYLE = Automatic;
				CURRENT_PROJECT_VERSION = 1;
				DEVELOPMENT_TEAM = JJS82CC46U;
				GENERATE_INFOPLIST_FILE = YES;
				INFOPLIST_FILE = SeSAC4ShoppingListAndMagazine/Info.plist;
				INFOPLIST_KEY_UIApplicationSupportsIndirectInputEvents = YES;
				INFOPLIST_KEY_UILaunchStoryboardName = LaunchScreen;
				INFOPLIST_KEY_UIMainStoryboardFile = Main;
				INFOPLIST_KEY_UISupportedInterfaceOrientations = UIInterfaceOrientationPortrait;
				INFOPLIST_KEY_UISupportedInterfaceOrientations_iPad = "UIInterfaceOrientationLandscapeLeft UIInterfaceOrientationLandscapeRight UIInterfaceOrientationPortrait UIInterfaceOrientationPortraitUpsideDown";
				LD_RUNPATH_SEARCH_PATHS = (
					"$(inherited)",
					"@executable_path/Frameworks",
				);
				MARKETING_VERSION = 1.0;
				PRODUCT_BUNDLE_IDENTIFIER = com.misung.SeSAC4ShoppingListAndMagazine;
				PRODUCT_NAME = "$(TARGET_NAME)";
				SUPPORTED_PLATFORMS = "iphoneos iphonesimulator";
				SUPPORTS_MACCATALYST = NO;
				SUPPORTS_MAC_DESIGNED_FOR_IPHONE_IPAD = NO;
				SWIFT_EMIT_LOC_STRINGS = YES;
				SWIFT_VERSION = 5.0;
				TARGETED_DEVICE_FAMILY = 1;
			};
			name = Release;
		};
/* End XCBuildConfiguration section */

/* Begin XCConfigurationList section */
		FA566A772B4C041000A1C034 /* Build configuration list for PBXProject "SeSAC4ShoppingListAndMagazine" */ = {
			isa = XCConfigurationList;
			buildConfigurations = (
				FA566A8E2B4C041100A1C034 /* Debug */,
				FA566A8F2B4C041100A1C034 /* Release */,
			);
			defaultConfigurationIsVisible = 0;
			defaultConfigurationName = Release;
		};
		FA566A902B4C041100A1C034 /* Build configuration list for PBXNativeTarget "SeSAC4ShoppingListAndMagazine" */ = {
			isa = XCConfigurationList;
			buildConfigurations = (
				FA566A912B4C041100A1C034 /* Debug */,
				FA566A922B4C041100A1C034 /* Release */,
			);
			defaultConfigurationIsVisible = 0;
			defaultConfigurationName = Release;
		};
/* End XCConfigurationList section */

/* Begin XCRemoteSwiftPackageReference section */
		FA566A9B2B4C26C300A1C034 /* XCRemoteSwiftPackageReference "Kingfisher" */ = {
			isa = XCRemoteSwiftPackageReference;
			repositoryURL = "https://github.com/onevcat/Kingfisher.git";
			requirement = {
				kind = upToNextMajorVersion;
				minimumVersion = 7.10.1;
			};
		};
/* End XCRemoteSwiftPackageReference section */

/* Begin XCSwiftPackageProductDependency section */
		FA566A9C2B4C26C300A1C034 /* Kingfisher */ = {
			isa = XCSwiftPackageProductDependency;
			package = FA566A9B2B4C26C300A1C034 /* XCRemoteSwiftPackageReference "Kingfisher" */;
			productName = Kingfisher;
		};
/* End XCSwiftPackageProductDependency section */
	};
	rootObject = FA566A742B4C041000A1C034 /* Project object */;
}
